
Microsoft Visual Studio Solution File, Format Version 12.00
# Visual Studio 15
VisualStudioVersion = 15.0.26730.12
MinimumVisualStudioVersion = 10.0.40219.1
Project("{FAE04EC0-301F-11D3-BF4B-00C04F79EFBC}") = "ThundrLabs.Data", "ThundrLabs.Data\ThundrLabs.Data.csproj", "{D9E108E0-0336-4A88-96B1-DBCD28F9133D}"
EndProject
Global
	GlobalSection(SolutionConfigurationPlatforms) = preSolution
		Debug|Any CPU = Debug|Any CPU
		Release|Any CPU = Release|Any CPU
	EndGlobalSection
	GlobalSection(ProjectConfigurationPlatforms) = postSolution
		{D9E108E0-0336-4A88-96B1-DBCD28F9133D}.Debug|Any CPU.ActiveCfg = Debug|Any CPU
		{D9E108E0-0336-4A88-96B1-DBCD28F9133D}.Debug|Any CPU.Build.0 = Debug|Any CPU
		{D9E108E0-0336-4A88-96B1-DBCD28F9133D}.Release|Any CPU.ActiveCfg = Release|Any CPU
		{D9E108E0-0336-4A88-96B1-DBCD28F9133D}.Release|Any CPU.Build.0 = Release|Any CPU
	EndGlobalSection
	GlobalSection(SolutionProperties) = preSolution
		HideSolutionNode = FALSE
	EndGlobalSection
	GlobalSection(ExtensibilityGlobals) = postSolution
		SolutionGuid = {7AC93C85-099B-4D3F-8636-2F1493213932}
	EndGlobalSection
EndGlobal
