
Microsoft Visual Studio Solution File, Format Version 12.00
# Visual Studio 15
VisualStudioVersion = 15.0.26730.12
MinimumVisualStudioVersion = 10.0.40219.1
Project("{FAE04EC0-301F-11D3-BF4B-00C04F79EFBC}") = "VideoGamesApi", "VideoGamesApi\VideoGamesApi.csproj", "{3EDBF606-62F8-46E9-B296-645C7373C3D5}"
EndProject
Global
	GlobalSection(SolutionConfigurationPlatforms) = preSolution
		Debug|Any CPU = Debug|Any CPU
		Release|Any CPU = Release|Any CPU
	EndGlobalSection
	GlobalSection(ProjectConfigurationPlatforms) = postSolution
		{3EDBF606-62F8-46E9-B296-645C7373C3D5}.Debug|Any CPU.ActiveCfg = Debug|Any CPU
		{3EDBF606-62F8-46E9-B296-645C7373C3D5}.Debug|Any CPU.Build.0 = Debug|Any CPU
		{3EDBF606-62F8-46E9-B296-645C7373C3D5}.Release|Any CPU.ActiveCfg = Release|Any CPU
		{3EDBF606-62F8-46E9-B296-645C7373C3D5}.Release|Any CPU.Build.0 = Release|Any CPU
	EndGlobalSection
	GlobalSection(SolutionProperties) = preSolution
		HideSolutionNode = FALSE
	EndGlobalSection
	GlobalSection(ExtensibilityGlobals) = postSolution
		SolutionGuid = {0A576465-3B86-4F66-A111-623BE44F8C55}
	EndGlobalSection
EndGlobal
